
Microsoft Visual Studio Solution File, Format Version 12.00
# Visual Studio Version 17
VisualStudioVersion = 17.11.35327.3
MinimumVisualStudioVersion = 10.0.40219.1
Project("{FAE04EC0-301F-11D3-BF4B-00C04F79EFBC}") = "aoc-24-cs", "aoc-24-cs.csproj", "{1335C8B4-7F10-48CE-BD91-EB1D444AC328}"
EndProject
Global
	GlobalSection(SolutionConfigurationPlatforms) = preSolution
		Debug|Any CPU = Debug|Any CPU
		Release|Any CPU = Release|Any CPU
	EndGlobalSection
	GlobalSection(ProjectConfigurationPlatforms) = postSolution
		{1335C8B4-7F10-48CE-BD91-EB1D444AC328}.Debug|Any CPU.ActiveCfg = Debug|Any CPU
		{1335C8B4-7F10-48CE-BD91-EB1D444AC328}.Debug|Any CPU.Build.0 = Debug|Any CPU
		{1335C8B4-7F10-48CE-BD91-EB1D444AC328}.Release|Any CPU.ActiveCfg = Release|Any CPU
		{1335C8B4-7F10-48CE-BD91-EB1D444AC328}.Release|Any CPU.Build.0 = Release|Any CPU
	EndGlobalSection
	GlobalSection(SolutionProperties) = preSolution
		HideSolutionNode = FALSE
	EndGlobalSection
	GlobalSection(ExtensibilityGlobals) = postSolution
		SolutionGuid = {D731792D-C7FF-4B7D-A018-ECDC2E399E7D}
	EndGlobalSection
EndGlobal
